
Microsoft Visual Studio Solution File, Format Version 12.00
# Visual Studio Version 17
VisualStudioVersion = 17.0.795.42246
MinimumVisualStudioVersion = 17.0.795.42246
Project("{9A19103F-16F7-4668-BE54-9A1E7A4F7556}") = "SpriteMaster", "SpriteMaster\SpriteMaster.csproj", "{C270B7AD-DA11-4176-83B9-8998FE58A601}"
EndProject
Global
	GlobalSection(SolutionConfigurationPlatforms) = preSolution
		Debug|Any CPU = Debug|Any CPU
		Debug|x64 = Debug|x64
		Debug|x86 = Debug|x86
		Development|Any CPU = Development|Any CPU
		Development|x64 = Development|x64
		Development|x86 = Development|x86
		Release|Any CPU = Release|Any CPU
		Release|x64 = Release|x64
		Release|x86 = Release|x86
		ReleaseUntraced|Any CPU = ReleaseUntraced|Any CPU
		ReleaseUntraced|x64 = ReleaseUntraced|x64
		ReleaseUntraced|x86 = ReleaseUntraced|x86
		Shipping|Any CPU = Shipping|Any CPU
		Shipping|x64 = Shipping|x64
		Shipping|x86 = Shipping|x86
		ShippingAsserts|Any CPU = ShippingAsserts|Any CPU
		ShippingAsserts|x64 = ShippingAsserts|x64
		ShippingAsserts|x86 = ShippingAsserts|x86
	EndGlobalSection
	GlobalSection(ProjectConfigurationPlatforms) = postSolution
		{C270B7AD-DA11-4176-83B9-8998FE58A601}.Debug|Any CPU.ActiveCfg = Debug|x64
		{C270B7AD-DA11-4176-83B9-8998FE58A601}.Debug|Any CPU.Build.0 = Debug|x64
		{C270B7AD-DA11-4176-83B9-8998FE58A601}.Debug|x64.ActiveCfg = Debug|x64
		{C270B7AD-DA11-4176-83B9-8998FE58A601}.Debug|x64.Build.0 = Debug|x64
		{C270B7AD-DA11-4176-83B9-8998FE58A601}.Debug|x86.ActiveCfg = Debug|x64
		{C270B7AD-DA11-4176-83B9-8998FE58A601}.Debug|x86.Build.0 = Debug|x64
		{C270B7AD-DA11-4176-83B9-8998FE58A601}.Development|Any CPU.ActiveCfg = Development|x64
		{C270B7AD-DA11-4176-83B9-8998FE58A601}.Development|Any CPU.Build.0 = Development|x64
		{C270B7AD-DA11-4176-83B9-8998FE58A601}.Development|x64.ActiveCfg = Development|Any CPU
		{C270B7AD-DA11-4176-83B9-8998FE58A601}.Development|x64.Build.0 = Development|Any CPU
		{C270B7AD-DA11-4176-83B9-8998FE58A601}.Development|x86.ActiveCfg = Development|x64
		{C270B7AD-DA11-4176-83B9-8998FE58A601}.Development|x86.Build.0 = Development|x64
		{C270B7AD-DA11-4176-83B9-8998FE58A601}.Release|Any CPU.ActiveCfg = Release|x64
		{C270B7AD-DA11-4176-83B9-8998FE58A601}.Release|Any CPU.Build.0 = Release|x64
		{C270B7AD-DA11-4176-83B9-8998FE58A601}.Release|x64.ActiveCfg = Release|x64
		{C270B7AD-DA11-4176-83B9-8998FE58A601}.Release|x64.Build.0 = Release|x64
		{C270B7AD-DA11-4176-83B9-8998FE58A601}.Release|x86.ActiveCfg = Release|x64
		{C270B7AD-DA11-4176-83B9-8998FE58A601}.Release|x86.Build.0 = Release|x64
		{C270B7AD-DA11-4176-83B9-8998FE58A601}.ReleaseUntraced|Any CPU.ActiveCfg = ReleaseUntraced|x64
		{C270B7AD-DA11-4176-83B9-8998FE58A601}.ReleaseUntraced|Any CPU.Build.0 = ReleaseUntraced|x64
		{C270B7AD-DA11-4176-83B9-8998FE58A601}.ReleaseUntraced|x64.ActiveCfg = ReleaseUntraced|x64
		{C270B7AD-DA11-4176-83B9-8998FE58A601}.ReleaseUntraced|x64.Build.0 = ReleaseUntraced|x64
		{C270B7AD-DA11-4176-83B9-8998FE58A601}.ReleaseUntraced|x86.ActiveCfg = Release|x64
		{C270B7AD-DA11-4176-83B9-8998FE58A601}.ReleaseUntraced|x86.Build.0 = Release|x64
		{C270B7AD-DA11-4176-83B9-8998FE58A601}.Shipping|Any CPU.ActiveCfg = Shipping|x64
		{C270B7AD-DA11-4176-83B9-8998FE58A601}.Shipping|Any CPU.Build.0 = Shipping|x64
		{C270B7AD-DA11-4176-83B9-8998FE58A601}.Shipping|x64.ActiveCfg = Shipping|Any CPU
		{C270B7AD-DA11-4176-83B9-8998FE58A601}.Shipping|x64.Build.0 = Shipping|Any CPU
		{C270B7AD-DA11-4176-83B9-8998FE58A601}.Shipping|x86.ActiveCfg = Shipping|x64
		{C270B7AD-DA11-4176-83B9-8998FE58A601}.Shipping|x86.Build.0 = Shipping|x64
		{C270B7AD-DA11-4176-83B9-8998FE58A601}.ShippingAsserts|Any CPU.ActiveCfg = ShippingAsserts|x64
		{C270B7AD-DA11-4176-83B9-8998FE58A601}.ShippingAsserts|Any CPU.Build.0 = ShippingAsserts|x64
		{C270B7AD-DA11-4176-83B9-8998FE58A601}.ShippingAsserts|x64.ActiveCfg = ShippingAsserts|x64
		{C270B7AD-DA11-4176-83B9-8998FE58A601}.ShippingAsserts|x64.Build.0 = ShippingAsserts|x64
		{C270B7AD-DA11-4176-83B9-8998FE58A601}.ShippingAsserts|x86.ActiveCfg = Shipping|x64
		{C270B7AD-DA11-4176-83B9-8998FE58A601}.ShippingAsserts|x86.Build.0 = Shipping|x64
	EndGlobalSection
	GlobalSection(SolutionProperties) = preSolution
		HideSolutionNode = FALSE
	EndGlobalSection
	GlobalSection(ExtensibilityGlobals) = postSolution
		SolutionGuid = {99B52420-C34F-442B-BE1C-EEDE50281AC0}
	EndGlobalSection
EndGlobal
